
Microsoft Visual Studio Solution File, Format Version 12.00
# Visual Studio Version 17
VisualStudioVersion = 17.12.35707.178
MinimumVisualStudioVersion = 10.0.40219.1
Project("{FAE04EC0-301F-11D3-BF4B-00C04F79EFBC}") = "SalesProjectTickets.Domain", "SalesProjectTickets.Domain\SalesProjectTickets.Domain.csproj", "{4F7C6868-D0BD-4EBB-8C02-9118821F539A}"
EndProject
Project("{2150E333-8FDC-42A3-9474-1A3956D46DE8}") = "Domain", "Domain", "{ED372B78-39BF-4931-8B9A-730D0CE089B7}"
EndProject
Project("{2150E333-8FDC-42A3-9474-1A3956D46DE8}") = "Application", "Application", "{1D6B0B93-8942-460D-97DB-5DE9817AF6E0}"
EndProject
Project("{2150E333-8FDC-42A3-9474-1A3956D46DE8}") = "Infrastructure", "Infrastructure", "{58E22EFC-9FF1-4E0C-95E2-7E0BD05D791A}"
EndProject
Project("{2150E333-8FDC-42A3-9474-1A3956D46DE8}") = "Api", "Api", "{9CE24E49-C61E-4562-A566-C5B45A2F69D3}"
EndProject
Project("{FAE04EC0-301F-11D3-BF4B-00C04F79EFBC}") = "SalesProjectTickets.Application", "SalesProjectTickets.Application\SalesProjectTickets.Application.csproj", "{3B5CECDF-97C1-4506-BE04-29CBF6053A74}"
EndProject
Project("{FAE04EC0-301F-11D3-BF4B-00C04F79EFBC}") = "SalesProjectTickets.Infrastructure", "SalesProjectTickets.Infrastructure\SalesProjectTickets.Infrastructure.csproj", "{E64682A8-D82C-49F6-9E4B-7ADBE89FBBF3}"
EndProject
Project("{FAE04EC0-301F-11D3-BF4B-00C04F79EFBC}") = "SalesProjectTickets.Api", "SalesProjectTickets.Api\SalesProjectTickets.Api.csproj", "{EAAA340F-1C5C-46A4-8F70-BD427F641EAB}"
EndProject
Project("{2150E333-8FDC-42A3-9474-1A3956D46DE8}") = "Tests", "Tests", "{02EA681E-C7D8-13C7-8484-4AC65E1B71E8}"
EndProject
Project("{FAE04EC0-301F-11D3-BF4B-00C04F79EFBC}") = "SalesProjectApplication.Tests", "SalesProjectDomain.Tests\SalesProjectApplication.Tests.csproj", "{EE3EDD06-9B5F-4F8B-85BF-A660E1AC118A}"
EndProject
Global
	GlobalSection(SolutionConfigurationPlatforms) = preSolution
		Debug|Any CPU = Debug|Any CPU
		Release|Any CPU = Release|Any CPU
	EndGlobalSection
	GlobalSection(ProjectConfigurationPlatforms) = postSolution
		{4F7C6868-D0BD-4EBB-8C02-9118821F539A}.Debug|Any CPU.ActiveCfg = Debug|Any CPU
		{4F7C6868-D0BD-4EBB-8C02-9118821F539A}.Debug|Any CPU.Build.0 = Debug|Any CPU
		{4F7C6868-D0BD-4EBB-8C02-9118821F539A}.Release|Any CPU.ActiveCfg = Release|Any CPU
		{4F7C6868-D0BD-4EBB-8C02-9118821F539A}.Release|Any CPU.Build.0 = Release|Any CPU
		{3B5CECDF-97C1-4506-BE04-29CBF6053A74}.Debug|Any CPU.ActiveCfg = Debug|Any CPU
		{3B5CECDF-97C1-4506-BE04-29CBF6053A74}.Debug|Any CPU.Build.0 = Debug|Any CPU
		{3B5CECDF-97C1-4506-BE04-29CBF6053A74}.Release|Any CPU.ActiveCfg = Release|Any CPU
		{3B5CECDF-97C1-4506-BE04-29CBF6053A74}.Release|Any CPU.Build.0 = Release|Any CPU
		{E64682A8-D82C-49F6-9E4B-7ADBE89FBBF3}.Debug|Any CPU.ActiveCfg = Debug|Any CPU
		{E64682A8-D82C-49F6-9E4B-7ADBE89FBBF3}.Debug|Any CPU.Build.0 = Debug|Any CPU
		{E64682A8-D82C-49F6-9E4B-7ADBE89FBBF3}.Release|Any CPU.ActiveCfg = Release|Any CPU
		{E64682A8-D82C-49F6-9E4B-7ADBE89FBBF3}.Release|Any CPU.Build.0 = Release|Any CPU
		{EAAA340F-1C5C-46A4-8F70-BD427F641EAB}.Debug|Any CPU.ActiveCfg = Debug|Any CPU
		{EAAA340F-1C5C-46A4-8F70-BD427F641EAB}.Debug|Any CPU.Build.0 = Debug|Any CPU
		{EAAA340F-1C5C-46A4-8F70-BD427F641EAB}.Release|Any CPU.ActiveCfg = Release|Any CPU
		{EAAA340F-1C5C-46A4-8F70-BD427F641EAB}.Release|Any CPU.Build.0 = Release|Any CPU
		{EE3EDD06-9B5F-4F8B-85BF-A660E1AC118A}.Debug|Any CPU.ActiveCfg = Debug|Any CPU
		{EE3EDD06-9B5F-4F8B-85BF-A660E1AC118A}.Debug|Any CPU.Build.0 = Debug|Any CPU
		{EE3EDD06-9B5F-4F8B-85BF-A660E1AC118A}.Release|Any CPU.ActiveCfg = Release|Any CPU
		{EE3EDD06-9B5F-4F8B-85BF-A660E1AC118A}.Release|Any CPU.Build.0 = Release|Any CPU
	EndGlobalSection
	GlobalSection(SolutionProperties) = preSolution
		HideSolutionNode = FALSE
	EndGlobalSection
	GlobalSection(NestedProjects) = preSolution
		{4F7C6868-D0BD-4EBB-8C02-9118821F539A} = {ED372B78-39BF-4931-8B9A-730D0CE089B7}
		{3B5CECDF-97C1-4506-BE04-29CBF6053A74} = {1D6B0B93-8942-460D-97DB-5DE9817AF6E0}
		{E64682A8-D82C-49F6-9E4B-7ADBE89FBBF3} = {58E22EFC-9FF1-4E0C-95E2-7E0BD05D791A}
		{EAAA340F-1C5C-46A4-8F70-BD427F641EAB} = {9CE24E49-C61E-4562-A566-C5B45A2F69D3}
		{EE3EDD06-9B5F-4F8B-85BF-A660E1AC118A} = {02EA681E-C7D8-13C7-8484-4AC65E1B71E8}
	EndGlobalSection
	GlobalSection(ExtensibilityGlobals) = postSolution
		SolutionGuid = {0A8187DA-4F8B-4143-9A23-B86628319266}
	EndGlobalSection
EndGlobal
